
Microsoft Visual Studio Solution File, Format Version 12.00
# Visual Studio Version 17
VisualStudioVersion = 17.8.34330.188
MinimumVisualStudioVersion = 10.0.40219.1
Project("{FAE04EC0-301F-11D3-BF4B-00C04F79EFBC}") = "BankAPP", "BankAPP\BankAPP.csproj", "{70CA7AE0-DBE5-440D-AAF0-5F6DB7E237D0}"
EndProject
Global
	GlobalSection(SolutionConfigurationPlatforms) = preSolution
		Debug|Any CPU = Debug|Any CPU
		Release|Any CPU = Release|Any CPU
	EndGlobalSection
	GlobalSection(ProjectConfigurationPlatforms) = postSolution
		{70CA7AE0-DBE5-440D-AAF0-5F6DB7E237D0}.Debug|Any CPU.ActiveCfg = Debug|Any CPU
		{70CA7AE0-DBE5-440D-AAF0-5F6DB7E237D0}.Debug|Any CPU.Build.0 = Debug|Any CPU
		{70CA7AE0-DBE5-440D-AAF0-5F6DB7E237D0}.Release|Any CPU.ActiveCfg = Release|Any CPU
		{70CA7AE0-DBE5-440D-AAF0-5F6DB7E237D0}.Release|Any CPU.Build.0 = Release|Any CPU
	EndGlobalSection
	GlobalSection(SolutionProperties) = preSolution
		HideSolutionNode = FALSE
	EndGlobalSection
	GlobalSection(ExtensibilityGlobals) = postSolution
		SolutionGuid = {6D3F23A1-F289-474E-82FE-16EEFC839676}
	EndGlobalSection
EndGlobal
